
Microsoft Visual Studio Solution File, Format Version 12.00
# Visual Studio Version 16
VisualStudioVersion = 16.0.31702.278
MinimumVisualStudioVersion = 10.0.40219.1
Project("{8BC9CEB8-8B4A-11D0-8D11-00A0C91BC942}") = "DBS211_ms2", "DBS211_ms2.vcxproj", "{F78028CD-0E6D-482D-B4EB-331F4F76850F}"
EndProject
Global
	GlobalSection(SolutionConfigurationPlatforms) = preSolution
		Debug|x64 = Debug|x64
		Debug|x86 = Debug|x86
		Release|x64 = Release|x64
		Release|x86 = Release|x86
	EndGlobalSection
	GlobalSection(ProjectConfigurationPlatforms) = postSolution
		{F78028CD-0E6D-482D-B4EB-331F4F76850F}.Debug|x64.ActiveCfg = Debug|x64
		{F78028CD-0E6D-482D-B4EB-331F4F76850F}.Debug|x64.Build.0 = Debug|x64
		{F78028CD-0E6D-482D-B4EB-331F4F76850F}.Debug|x86.ActiveCfg = Release|x64
		{F78028CD-0E6D-482D-B4EB-331F4F76850F}.Debug|x86.Build.0 = Release|x64
		{F78028CD-0E6D-482D-B4EB-331F4F76850F}.Release|x64.ActiveCfg = Release|x64
		{F78028CD-0E6D-482D-B4EB-331F4F76850F}.Release|x64.Build.0 = Release|x64
		{F78028CD-0E6D-482D-B4EB-331F4F76850F}.Release|x86.ActiveCfg = Release|Win32
		{F78028CD-0E6D-482D-B4EB-331F4F76850F}.Release|x86.Build.0 = Release|Win32
	EndGlobalSection
	GlobalSection(SolutionProperties) = preSolution
		HideSolutionNode = FALSE
	EndGlobalSection
	GlobalSection(ExtensibilityGlobals) = postSolution
		SolutionGuid = {882C2649-5EF7-41D6-B197-E842E323EEED}
	EndGlobalSection
EndGlobal
